
Microsoft Visual Studio Solution File, Format Version 12.00
# Visual Studio 15
VisualStudioVersion = 15.0.26730.16
MinimumVisualStudioVersion = 10.0.40219.1
Project("{DA7A21FA-8162-4350-AD77-A8D1B671F3ED}") = "StackOverflowR", "StackOverflowR.rxproj", "{7ADFC480-49DC-44F1-8C4B-19CC9BF856B4}"
EndProject
Global
	GlobalSection(SolutionConfigurationPlatforms) = preSolution
		Debug|Any CPU = Debug|Any CPU
		Release|Any CPU = Release|Any CPU
	EndGlobalSection
	GlobalSection(ProjectConfigurationPlatforms) = postSolution
		{7ADFC480-49DC-44F1-8C4B-19CC9BF856B4}.Debug|Any CPU.ActiveCfg = Debug|Any CPU
		{7ADFC480-49DC-44F1-8C4B-19CC9BF856B4}.Debug|Any CPU.Build.0 = Debug|Any CPU
		{7ADFC480-49DC-44F1-8C4B-19CC9BF856B4}.Release|Any CPU.ActiveCfg = Release|Any CPU
		{7ADFC480-49DC-44F1-8C4B-19CC9BF856B4}.Release|Any CPU.Build.0 = Release|Any CPU
	EndGlobalSection
	GlobalSection(SolutionProperties) = preSolution
		HideSolutionNode = FALSE
	EndGlobalSection
	GlobalSection(ExtensibilityGlobals) = postSolution
		SolutionGuid = {E975786F-89AE-4F98-A51D-C42F1395DB3E}
	EndGlobalSection
EndGlobal
